
Microsoft Visual Studio Solution File, Format Version 12.00
# Visual Studio Version 16
VisualStudioVersion = 16.0.29209.62
MinimumVisualStudioVersion = 10.0.40219.1
Project("{FAE04EC0-301F-11D3-BF4B-00C04F79EFBC}") = "NCDataConverter", "NcDataConverter\NCDataConverter.csproj", "{4849DD3C-1D70-486F-8CBD-E4033427B5CC}"
EndProject
Project("{FAE04EC0-301F-11D3-BF4B-00C04F79EFBC}") = "NcDataConverterTest", "NcDataConverterTest\NcDataConverterTest.csproj", "{70AD0652-A017-4E57-AF18-157579E70EA5}"
EndProject
Global
	GlobalSection(SolutionConfigurationPlatforms) = preSolution
		Debug|Any CPU = Debug|Any CPU
		Release|Any CPU = Release|Any CPU
	EndGlobalSection
	GlobalSection(ProjectConfigurationPlatforms) = postSolution
		{4849DD3C-1D70-486F-8CBD-E4033427B5CC}.Debug|Any CPU.ActiveCfg = Debug|Any CPU
		{4849DD3C-1D70-486F-8CBD-E4033427B5CC}.Debug|Any CPU.Build.0 = Debug|Any CPU
		{4849DD3C-1D70-486F-8CBD-E4033427B5CC}.Release|Any CPU.ActiveCfg = Release|Any CPU
		{4849DD3C-1D70-486F-8CBD-E4033427B5CC}.Release|Any CPU.Build.0 = Release|Any CPU
		{70AD0652-A017-4E57-AF18-157579E70EA5}.Debug|Any CPU.ActiveCfg = Debug|Any CPU
		{70AD0652-A017-4E57-AF18-157579E70EA5}.Debug|Any CPU.Build.0 = Debug|Any CPU
		{70AD0652-A017-4E57-AF18-157579E70EA5}.Release|Any CPU.ActiveCfg = Release|Any CPU
		{70AD0652-A017-4E57-AF18-157579E70EA5}.Release|Any CPU.Build.0 = Release|Any CPU
	EndGlobalSection
	GlobalSection(SolutionProperties) = preSolution
		HideSolutionNode = FALSE
	EndGlobalSection
	GlobalSection(ExtensibilityGlobals) = postSolution
		SolutionGuid = {BDE343A0-2446-48B1-983C-2D79CCAB8D76}
	EndGlobalSection
EndGlobal
